
Microsoft Visual Studio Solution File, Format Version 12.00
# Visual Studio 2015
Project("{FAE04EC0-301F-11D3-BF4B-00C04F79EFBC}") = "VGP142 - Final.CSharp", "VGP142 - Final.CSharp.csproj", "{2EFF9A54-579B-2830-741C-9A73BECCEBAE}"
EndProject
Global
	GlobalSection(SolutionConfigurationPlatforms) = preSolution
		Debug|Any CPU = Debug|Any CPU
		Release|Any CPU = Release|Any CPU
	EndGlobalSection
	GlobalSection(ProjectConfigurationPlatforms) = postSolution
		{2EFF9A54-579B-2830-741C-9A73BECCEBAE}.Debug|Any CPU.ActiveCfg = Debug|Any CPU
		{2EFF9A54-579B-2830-741C-9A73BECCEBAE}.Debug|Any CPU.Build.0 = Debug|Any CPU
		{2EFF9A54-579B-2830-741C-9A73BECCEBAE}.Release|Any CPU.ActiveCfg = Release|Any CPU
		{2EFF9A54-579B-2830-741C-9A73BECCEBAE}.Release|Any CPU.Build.0 = Release|Any CPU
	EndGlobalSection
	GlobalSection(SolutionProperties) = preSolution
		HideSolutionNode = FALSE
	EndGlobalSection
EndGlobal
